// !$*UTF8*$!
{
	archiveVersion = 1;
	classes = {
	};
	objectVersion = 55;
	objects = {

/* Begin PBXBuildFile section */
		9C6EBCF028F9E840002B2693 /* Theme.swift in Sources */ = {isa = PBXBuildFile; fileRef = 9C6EBCEF28F9E840002B2693 /* Theme.swift */; };
		9C6EBCF228F9F316002B2693 /* DailyScrum.swift in Sources */ = {isa = PBXBuildFile; fileRef = 9C6EBCF128F9F316002B2693 /* DailyScrum.swift */; };
		9C6EBCF628F9F865002B2693 /* CardView.swift in Sources */ = {isa = PBXBuildFile; fileRef = 9C6EBCF528F9F865002B2693 /* CardView.swift */; };
		9C6EBCF828FA1271002B2693 /* TrailingIconLabelStyle.swift in Sources */ = {isa = PBXBuildFile; fileRef = 9C6EBCF728FA1271002B2693 /* TrailingIconLabelStyle.swift */; };
		9C6EBCFA28FA1882002B2693 /* ScrumsView.swift in Sources */ = {isa = PBXBuildFile; fileRef = 9C6EBCF928FA1882002B2693 /* ScrumsView.swift */; };
		9C9E734C28F5C58E00F56DB3 /* DailyScrumsApp.swift in Sources */ = {isa = PBXBuildFile; fileRef = 9C9E734B28F5C58E00F56DB3 /* DailyScrumsApp.swift */; };
		9C9E734E28F5C58E00F56DB3 /* MeetingView.swift in Sources */ = {isa = PBXBuildFile; fileRef = 9C9E734D28F5C58E00F56DB3 /* MeetingView.swift */; };
		9C9E735028F5C59000F56DB3 /* Assets.xcassets in Resources */ = {isa = PBXBuildFile; fileRef = 9C9E734F28F5C59000F56DB3 /* Assets.xcassets */; };
		9C9E735328F5C59000F56DB3 /* Preview Assets.xcassets in Resources */ = {isa = PBXBuildFile; fileRef = 9C9E735228F5C59000F56DB3 /* Preview Assets.xcassets */; };
/* End PBXBuildFile section */

/* Begin PBXFileReference section */
		9C6EBCEF28F9E840002B2693 /* Theme.swift */ = {isa = PBXFileReference; lastKnownFileType = sourcecode.swift; path = Theme.swift; sourceTree = "<group>"; };
		9C6EBCF128F9F316002B2693 /* DailyScrum.swift */ = {isa = PBXFileReference; lastKnownFileType = sourcecode.swift; path = DailyScrum.swift; sourceTree = "<group>"; };
		9C6EBCF528F9F865002B2693 /* CardView.swift */ = {isa = PBXFileReference; lastKnownFileType = sourcecode.swift; path = CardView.swift; sourceTree = "<group>"; };
		9C6EBCF728FA1271002B2693 /* TrailingIconLabelStyle.swift */ = {isa = PBXFileReference; lastKnownFileType = sourcecode.swift; path = TrailingIconLabelStyle.swift; sourceTree = "<group>"; };
		9C6EBCF928FA1882002B2693 /* ScrumsView.swift */ = {isa = PBXFileReference; lastKnownFileType = sourcecode.swift; path = ScrumsView.swift; sourceTree = "<group>"; };
		9C9E734828F5C58E00F56DB3 /* DailyScrums.app */ = {isa = PBXFileReference; explicitFileType = wrapper.application; includeInIndex = 0; path = DailyScrums.app; sourceTree = BUILT_PRODUCTS_DIR; };
		9C9E734B28F5C58E00F56DB3 /* DailyScrumsApp.swift */ = {isa = PBXFileReference; lastKnownFileType = sourcecode.swift; path = DailyScrumsApp.swift; sourceTree = "<group>"; };
		9C9E734D28F5C58E00F56DB3 /* MeetingView.swift */ = {isa = PBXFileReference; lastKnownFileType = sourcecode.swift; path = MeetingView.swift; sourceTree = "<group>"; };
		9C9E734F28F5C59000F56DB3 /* Assets.xcassets */ = {isa = PBXFileReference; lastKnownFileType = folder.assetcatalog; path = Assets.xcassets; sourceTree = "<group>"; };
		9C9E735228F5C59000F56DB3 /* Preview Assets.xcassets */ = {isa = PBXFileReference; lastKnownFileType = folder.assetcatalog; path = "Preview Assets.xcassets"; sourceTree = "<group>"; };
/* End PBXFileReference section */

/* Begin PBXFrameworksBuildPhase section */
		9C9E734528F5C58E00F56DB3 /* Frameworks */ = {
			isa = PBXFrameworksBuildPhase;
			buildActionMask = 2147483647;
			files = (
			);
			runOnlyForDeploymentPostprocessing = 0;
		};
/* End PBXFrameworksBuildPhase section */

/* Begin PBXGroup section */
		9C6EBCEE28F9E825002B2693 /* Models */ = {
			isa = PBXGroup;
			children = (
				9C6EBCEF28F9E840002B2693 /* Theme.swift */,
				9C6EBCF128F9F316002B2693 /* DailyScrum.swift */,
			);
			path = Models;
			sourceTree = "<group>";
		};
		9C9E733F28F5C58E00F56DB3 = {
			isa = PBXGroup;
			children = (
				9C9E734A28F5C58E00F56DB3 /* DailyScrums */,
				9C9E734928F5C58E00F56DB3 /* Products */,
			);
			sourceTree = "<group>";
		};
		9C9E734928F5C58E00F56DB3 /* Products */ = {
			isa = PBXGroup;
			children = (
				9C9E734828F5C58E00F56DB3 /* DailyScrums.app */,
			);
			name = Products;
			sourceTree = "<group>";
		};
		9C9E734A28F5C58E00F56DB3 /* DailyScrums */ = {
			isa = PBXGroup;
			children = (
				9C6EBCEE28F9E825002B2693 /* Models */,
				9C9E734B28F5C58E00F56DB3 /* DailyScrumsApp.swift */,
				9C9E734D28F5C58E00F56DB3 /* MeetingView.swift */,
				9C9E734F28F5C59000F56DB3 /* Assets.xcassets */,
				9C9E735128F5C59000F56DB3 /* Preview Content */,
				9C6EBCF528F9F865002B2693 /* CardView.swift */,
				9C6EBCF728FA1271002B2693 /* TrailingIconLabelStyle.swift */,
				9C6EBCF928FA1882002B2693 /* ScrumsView.swift */,
			);
			path = DailyScrums;
			sourceTree = "<group>";
		};
		9C9E735128F5C59000F56DB3 /* Preview Content */ = {
			isa = PBXGroup;
			children = (
				9C9E735228F5C59000F56DB3 /* Preview Assets.xcassets */,
			);
			path = "Preview Content";
			sourceTree = "<group>";
		};
/* End PBXGroup section */

/* Begin PBXNativeTarget section */
		9C9E734728F5C58E00F56DB3 /* DailyScrums */ = {
			isa = PBXNativeTarget;
			buildConfigurationList = 9C9E735628F5C59000F56DB3 /* Build configuration list for PBXNativeTarget "DailyScrums" */;
			buildPhases = (
				9C9E734428F5C58E00F56DB3 /* Sources */,
				9C9E734528F5C58E00F56DB3 /* Frameworks */,
				9C9E734628F5C58E00F56DB3 /* Resources */,
			);
			buildRules = (
			);
			dependencies = (
			);
			name = DailyScrums;
			productName = DailyScrums;
			productReference = 9C9E734828F5C58E00F56DB3 /* DailyScrums.app */;
			productType = "com.apple.product-type.application";
		};
/* End PBXNativeTarget section */

/* Begin PBXProject section */
		9C9E734028F5C58E00F56DB3 /* Project object */ = {
			isa = PBXProject;
			attributes = {
				BuildIndependentTargetsInParallel = 1;
				LastSwiftUpdateCheck = 1340;
				LastUpgradeCheck = 1340;
				TargetAttributes = {
					9C9E734728F5C58E00F56DB3 = {
						CreatedOnToolsVersion = 13.4.1;
					};
				};
			};
			buildConfigurationList = 9C9E734328F5C58E00F56DB3 /* Build configuration list for PBXProject "DailyScrums" */;
			compatibilityVersion = "Xcode 13.0";
			developmentRegion = en;
			hasScannedForEncodings = 0;
			knownRegions = (
				en,
				Base,
			);
			mainGroup = 9C9E733F28F5C58E00F56DB3;
			productRefGroup = 9C9E734928F5C58E00F56DB3 /* Products */;
			projectDirPath = "";
			projectRoot = "";
			targets = (
				9C9E734728F5C58E00F56DB3 /* DailyScrums */,
			);
		};
/* End PBXProject section */

/* Begin PBXResourcesBuildPhase section */
		9C9E734628F5C58E00F56DB3 /* Resources */ = {
			isa = PBXResourcesBuildPhase;
			buildActionMask = 2147483647;
			files = (
				9C9E735328F5C59000F56DB3 /* Preview Assets.xcassets in Resources */,
				9C9E735028F5C59000F56DB3 /* Assets.xcassets in Resources */,
			);
			runOnlyForDeploymentPostprocessing = 0;
		};
/* End PBXResourcesBuildPhase section */

/* Begin PBXSourcesBuildPhase section */
		9C9E734428F5C58E00F56DB3 /* Sources */ = {
			isa = PBXSourcesBuildPhase;
			buildActionMask = 2147483647;
			files = (
				9C6EBCF228F9F316002B2693 /* DailyScrum.swift in Sources */,
				9C6EBCF828FA1271002B2693 /* TrailingIconLabelStyle.swift in Sources */,
				9C6EBCF028F9E840002B2693 /* Theme.swift in Sources */,
				9C6EBCFA28FA1882002B2693 /* ScrumsView.swift in Sources */,
				9C9E734E28F5C58E00F56DB3 /* MeetingView.swift in Sources */,
				9C9E734C28F5C58E00F56DB3 /* DailyScrumsApp.swift in Sources */,
				9C6EBCF628F9F865002B2693 /* CardView.swift in Sources */,
			);
			runOnlyForDeploymentPostprocessing = 0;
		};
/* End PBXSourcesBuildPhase section */

/* Begin XCBuildConfiguration section */
		9C9E735428F5C59000F56DB3 /* Debug */ = {
			isa = XCBuildConfiguration;
			buildSettings = {
				ALWAYS_SEARCH_USER_PATHS = NO;
				CLANG_ANALYZER_NONNULL = YES;
				CLANG_ANALYZER_NUMBER_OBJECT_CONVERSION = YES_AGGRESSIVE;
				CLANG_CXX_LANGUAGE_STANDARD = "gnu++17";
				CLANG_ENABLE_MODULES = YES;
				CLANG_ENABLE_OBJC_ARC = YES;
				CLANG_ENABLE_OBJC_WEAK = YES;
				CLANG_WARN_BLOCK_CAPTURE_AUTORELEASING = YES;
				CLANG_WARN_BOOL_CONVERSION = YES;
				CLANG_WARN_COMMA = YES;
				CLANG_WARN_CONSTANT_CONVERSION = YES;
				CLANG_WARN_DEPRECATED_OBJC_IMPLEMENTATIONS = YES;
				CLANG_WARN_DIRECT_OBJC_ISA_USAGE = YES_ERROR;
				CLANG_WARN_DOCUMENTATION_COMMENTS = YES;
				CLANG_WARN_EMPTY_BODY = YES;
				CLANG_WARN_ENUM_CONVERSION = YES;
				CLANG_WARN_INFINITE_RECURSION = YES;
				CLANG_WARN_INT_CONVERSION = YES;
				CLANG_WARN_NON_LITERAL_NULL_CONVERSION = YES;
				CLANG_WARN_OBJC_IMPLICIT_RETAIN_SELF = YES;
				CLANG_WARN_OBJC_LITERAL_CONVERSION = YES;
				CLANG_WARN_OBJC_ROOT_CLASS = YES_ERROR;
				CLANG_WARN_QUOTED_INCLUDE_IN_FRAMEWORK_HEADER = YES;
				CLANG_WARN_RANGE_LOOP_ANALYSIS = YES;
				CLANG_WARN_STRICT_PROTOTYPES = YES;
				CLANG_WARN_SUSPICIOUS_MOVE = YES;
				CLANG_WARN_UNGUARDED_AVAILABILITY = YES_AGGRESSIVE;
				CLANG_WARN_UNREACHABLE_CODE = YES;
				CLANG_WARN__DUPLICATE_METHOD_MATCH = YES;
				COPY_PHASE_STRIP = NO;
				DEBUG_INFORMATION_FORMAT = dwarf;
				ENABLE_STRICT_OBJC_MSGSEND = YES;
				ENABLE_TESTABILITY = YES;
				GCC_C_LANGUAGE_STANDARD = gnu11;
				GCC_DYNAMIC_NO_PIC = NO;
				GCC_NO_COMMON_BLOCKS = YES;
				GCC_OPTIMIZATION_LEVEL = 0;
				GCC_PREPROCESSOR_DEFINITIONS = (
					"DEBUG=1",
					"$(inherited)",
				);
				GCC_WARN_64_TO_32_BIT_CONVERSION = YES;
				GCC_WARN_ABOUT_RETURN_TYPE = YES_ERROR;
				GCC_WARN_UNDECLARED_SELECTOR = YES;
				GCC_WARN_UNINITIALIZED_AUTOS = YES_AGGRESSIVE;
				GCC_WARN_UNUSED_FUNCTION = YES;
				GCC_WARN_UNUSED_VARIABLE = YES;
				IPHONEOS_DEPLOYMENT_TARGET = 15.5;
				MTL_ENABLE_DEBUG_INFO = INCLUDE_SOURCE;
				MTL_FAST_MATH = YES;
				ONLY_ACTIVE_ARCH = YES;
				SDKROOT = iphoneos;
				SWIFT_ACTIVE_COMPILATION_CONDITIONS = DEBUG;
				SWIFT_OPTIMIZATION_LEVEL = "-Onone";
			};
			name = Debug;
		};
		9C9E735528F5C59000F56DB3 /* Release */ = {
			isa = XCBuildConfiguration;
			buildSettings = {
				ALWAYS_SEARCH_USER_PATHS = NO;
				CLANG_ANALYZER_NONNULL = YES;
				CLANG_ANALYZER_NUMBER_OBJECT_CONVERSION = YES_AGGRESSIVE;
				CLANG_CXX_LANGUAGE_STANDARD = "gnu++17";
				CLANG_ENABLE_MODULES = YES;
				CLANG_ENABLE_OBJC_ARC = YES;
				CLANG_ENABLE_OBJC_WEAK = YES;
				CLANG_WARN_BLOCK_CAPTURE_AUTORELEASING = YES;
				CLANG_WARN_BOOL_CONVERSION = YES;
				CLANG_WARN_COMMA = YES;
				CLANG_WARN_CONSTANT_CONVERSION = YES;
				CLANG_WARN_DEPRECATED_OBJC_IMPLEMENTATIONS = YES;
				CLANG_WARN_DIRECT_OBJC_ISA_USAGE = YES_ERROR;
				CLANG_WARN_DOCUMENTATION_COMMENTS = YES;
				CLANG_WARN_EMPTY_BODY = YES;
				CLANG_WARN_ENUM_CONVERSION = YES;
				CLANG_WARN_INFINITE_RECURSION = YES;
				CLANG_WARN_INT_CONVERSION = YES;
				CLANG_WARN_NON_LITERAL_NULL_CONVERSION = YES;
				CLANG_WARN_OBJC_IMPLICIT_RETAIN_SELF = YES;
				CLANG_WARN_OBJC_LITERAL_CONVERSION = YES;
				CLANG_WARN_OBJC_ROOT_CLASS = YES_ERROR;
				CLANG_WARN_QUOTED_INCLUDE_IN_FRAMEWORK_HEADER = YES;
				CLANG_WARN_RANGE_LOOP_ANALYSIS = YES;
				CLANG_WARN_STRICT_PROTOTYPES = YES;
				CLANG_WARN_SUSPICIOUS_MOVE = YES;
				CLANG_WARN_UNGUARDED_AVAILABILITY = YES_AGGRESSIVE;
				CLANG_WARN_UNREACHABLE_CODE = YES;
				CLANG_WARN__DUPLICATE_METHOD_MATCH = YES;
				COPY_PHASE_STRIP = NO;
				DEBUG_INFORMATION_FORMAT = "dwarf-with-dsym";
				ENABLE_NS_ASSERTIONS = NO;
				ENABLE_STRICT_OBJC_MSGSEND = YES;
				GCC_C_LANGUAGE_STANDARD = gnu11;
				GCC_NO_COMMON_BLOCKS = YES;
				GCC_WARN_64_TO_32_BIT_CONVERSION = YES;
				GCC_WARN_ABOUT_RETURN_TYPE = YES_ERROR;
				GCC_WARN_UNDECLARED_SELECTOR = YES;
				GCC_WARN_UNINITIALIZED_AUTOS = YES_AGGRESSIVE;
				GCC_WARN_UNUSED_FUNCTION = YES;
				GCC_WARN_UNUSED_VARIABLE = YES;
				IPHONEOS_DEPLOYMENT_TARGET = 15.5;
				MTL_ENABLE_DEBUG_INFO = NO;
				MTL_FAST_MATH = YES;
				SDKROOT = iphoneos;
				SWIFT_COMPILATION_MODE = wholemodule;
				SWIFT_OPTIMIZATION_LEVEL = "-O";
				VALIDATE_PRODUCT = YES;
			};
			name = Release;
		};
		9C9E735728F5C59000F56DB3 /* Debug */ = {
			isa = XCBuildConfiguration;
			buildSettings = {
				ASSETCATALOG_COMPILER_APPICON_NAME = AppIcon;
				ASSETCATALOG_COMPILER_GLOBAL_ACCENT_COLOR_NAME = AccentColor;
				CODE_SIGN_STYLE = Automatic;
				CURRENT_PROJECT_VERSION = 1;
				DEVELOPMENT_ASSET_PATHS = "\"DailyScrums/Preview Content\"";
				ENABLE_PREVIEWS = YES;
				GENERATE_INFOPLIST_FILE = YES;
				INFOPLIST_KEY_UIApplicationSceneManifest_Generation = YES;
				INFOPLIST_KEY_UIApplicationSupportsIndirectInputEvents = YES;
				INFOPLIST_KEY_UILaunchScreen_Generation = YES;
				INFOPLIST_KEY_UISupportedInterfaceOrientations_iPad = "UIInterfaceOrientationPortrait UIInterfaceOrientationPortraitUpsideDown UIInterfaceOrientationLandscapeLeft UIInterfaceOrientationLandscapeRight";
				INFOPLIST_KEY_UISupportedInterfaceOrientations_iPhone = "UIInterfaceOrientationPortrait UIInterfaceOrientationLandscapeLeft UIInterfaceOrientationLandscapeRight";
				LD_RUNPATH_SEARCH_PATHS = (
					"$(inherited)",
					"@executable_path/Frameworks",
				);
				MARKETING_VERSION = 1.0;
				PRODUCT_BUNDLE_IDENTIFIER = linda.DailyScrums;
				PRODUCT_NAME = "$(TARGET_NAME)";
				SWIFT_EMIT_LOC_STRINGS = YES;
				SWIFT_VERSION = 5.0;
				TARGETED_DEVICE_FAMILY = "1,2";
			};
			name = Debug;
		};
		9C9E735828F5C59000F56DB3 /* Release */ = {
			isa = XCBuildConfiguration;
			buildSettings = {
				ASSETCATALOG_COMPILER_APPICON_NAME = AppIcon;
				ASSETCATALOG_COMPILER_GLOBAL_ACCENT_COLOR_NAME = AccentColor;
				CODE_SIGN_STYLE = Automatic;
				CURRENT_PROJECT_VERSION = 1;
				DEVELOPMENT_ASSET_PATHS = "\"DailyScrums/Preview Content\"";
				ENABLE_PREVIEWS = YES;
				GENERATE_INFOPLIST_FILE = YES;
				INFOPLIST_KEY_UIApplicationSceneManifest_Generation = YES;
				INFOPLIST_KEY_UIApplicationSupportsIndirectInputEvents = YES;
				INFOPLIST_KEY_UILaunchScreen_Generation = YES;
				INFOPLIST_KEY_UISupportedInterfaceOrientations_iPad = "UIInterfaceOrientationPortrait UIInterfaceOrientationPortraitUpsideDown UIInterfaceOrientationLandscapeLeft UIInterfaceOrientationLandscapeRight";
				INFOPLIST_KEY_UISupportedInterfaceOrientations_iPhone = "UIInterfaceOrientationPortrait UIInterfaceOrientationLandscapeLeft UIInterfaceOrientationLandscapeRight";
				LD_RUNPATH_SEARCH_PATHS = (
					"$(inherited)",
					"@executable_path/Frameworks",
				);
				MARKETING_VERSION = 1.0;
				PRODUCT_BUNDLE_IDENTIFIER = linda.DailyScrums;
				PRODUCT_NAME = "$(TARGET_NAME)";
				SWIFT_EMIT_LOC_STRINGS = YES;
				SWIFT_VERSION = 5.0;
				TARGETED_DEVICE_FAMILY = "1,2";
			};
			name = Release;
		};
/* End XCBuildConfiguration section */

/* Begin XCConfigurationList section */
		9C9E734328F5C58E00F56DB3 /* Build configuration list for PBXProject "DailyScrums" */ = {
			isa = XCConfigurationList;
			buildConfigurations = (
				9C9E735428F5C59000F56DB3 /* Debug */,
				9C9E735528F5C59000F56DB3 /* Release */,
			);
			defaultConfigurationIsVisible = 0;
			defaultConfigurationName = Release;
		};
		9C9E735628F5C59000F56DB3 /* Build configuration list for PBXNativeTarget "DailyScrums" */ = {
			isa = XCConfigurationList;
			buildConfigurations = (
				9C9E735728F5C59000F56DB3 /* Debug */,
				9C9E735828F5C59000F56DB3 /* Release */,
			);
			defaultConfigurationIsVisible = 0;
			defaultConfigurationName = Release;
		};
/* End XCConfigurationList section */
	};
	rootObject = 9C9E734028F5C58E00F56DB3 /* Project object */;
}
